
Microsoft Visual Studio Solution File, Format Version 12.00
# Visual Studio Version 17
VisualStudioVersion = 17.4.33103.184
MinimumVisualStudioVersion = 10.0.40219.1
Project("{FAE04EC0-301F-11D3-BF4B-00C04F79EFBC}") = "DnnSummit2023", "DnnSummit2023.csproj", "{41C6220A-BBB1-4C60-B0DF-D4F6DEB9468A}"
EndProject
Global
	GlobalSection(SolutionConfigurationPlatforms) = preSolution
		Debug|Any CPU = Debug|Any CPU
		Release|Any CPU = Release|Any CPU
	EndGlobalSection
	GlobalSection(ProjectConfigurationPlatforms) = postSolution
		{41C6220A-BBB1-4C60-B0DF-D4F6DEB9468A}.Debug|Any CPU.ActiveCfg = Debug|Any CPU
		{41C6220A-BBB1-4C60-B0DF-D4F6DEB9468A}.Debug|Any CPU.Build.0 = Debug|Any CPU
		{41C6220A-BBB1-4C60-B0DF-D4F6DEB9468A}.Release|Any CPU.ActiveCfg = Release|Any CPU
		{41C6220A-BBB1-4C60-B0DF-D4F6DEB9468A}.Release|Any CPU.Build.0 = Release|Any CPU
	EndGlobalSection
	GlobalSection(SolutionProperties) = preSolution
		HideSolutionNode = FALSE
	EndGlobalSection
	GlobalSection(ExtensibilityGlobals) = postSolution
		SolutionGuid = {259304B5-CEE1-4BE5-B637-BBC663E85F92}
	EndGlobalSection
EndGlobal
